
Microsoft Visual Studio Solution File, Format Version 12.00
# Visual Studio Version 17
VisualStudioVersion = 17.5.2.0
MinimumVisualStudioVersion = 10.0.40219.1
Project("{FAE04EC0-301F-11D3-BF4B-00C04F79EFBC}") = "minimal-api", "minimal-api\minimal-api.csproj", "{6E21F392-39CD-3861-5387-67B8F8124090}"
EndProject
Project("{FAE04EC0-301F-11D3-BF4B-00C04F79EFBC}") = "Test", "Test\Test.csproj", "{10F62746-22A0-4686-89F9-B19548CB890D}"
EndProject
Global
	GlobalSection(SolutionConfigurationPlatforms) = preSolution
		Debug|Any CPU = Debug|Any CPU
		Debug|x64 = Debug|x64
		Debug|x86 = Debug|x86
		Release|Any CPU = Release|Any CPU
		Release|x64 = Release|x64
		Release|x86 = Release|x86
	EndGlobalSection
	GlobalSection(ProjectConfigurationPlatforms) = postSolution
		{6E21F392-39CD-3861-5387-67B8F8124090}.Debug|Any CPU.ActiveCfg = Debug|Any CPU
		{6E21F392-39CD-3861-5387-67B8F8124090}.Debug|Any CPU.Build.0 = Debug|Any CPU
		{6E21F392-39CD-3861-5387-67B8F8124090}.Debug|x64.ActiveCfg = Debug|Any CPU
		{6E21F392-39CD-3861-5387-67B8F8124090}.Debug|x64.Build.0 = Debug|Any CPU
		{6E21F392-39CD-3861-5387-67B8F8124090}.Debug|x86.ActiveCfg = Debug|Any CPU
		{6E21F392-39CD-3861-5387-67B8F8124090}.Debug|x86.Build.0 = Debug|Any CPU
		{6E21F392-39CD-3861-5387-67B8F8124090}.Release|Any CPU.ActiveCfg = Release|Any CPU
		{6E21F392-39CD-3861-5387-67B8F8124090}.Release|Any CPU.Build.0 = Release|Any CPU
		{6E21F392-39CD-3861-5387-67B8F8124090}.Release|x64.ActiveCfg = Release|Any CPU
		{6E21F392-39CD-3861-5387-67B8F8124090}.Release|x64.Build.0 = Release|Any CPU
		{6E21F392-39CD-3861-5387-67B8F8124090}.Release|x86.ActiveCfg = Release|Any CPU
		{6E21F392-39CD-3861-5387-67B8F8124090}.Release|x86.Build.0 = Release|Any CPU
		{10F62746-22A0-4686-89F9-B19548CB890D}.Debug|Any CPU.ActiveCfg = Debug|Any CPU
		{10F62746-22A0-4686-89F9-B19548CB890D}.Debug|Any CPU.Build.0 = Debug|Any CPU
		{10F62746-22A0-4686-89F9-B19548CB890D}.Debug|x64.ActiveCfg = Debug|Any CPU
		{10F62746-22A0-4686-89F9-B19548CB890D}.Debug|x64.Build.0 = Debug|Any CPU
		{10F62746-22A0-4686-89F9-B19548CB890D}.Debug|x86.ActiveCfg = Debug|Any CPU
		{10F62746-22A0-4686-89F9-B19548CB890D}.Debug|x86.Build.0 = Debug|Any CPU
		{10F62746-22A0-4686-89F9-B19548CB890D}.Release|Any CPU.ActiveCfg = Release|Any CPU
		{10F62746-22A0-4686-89F9-B19548CB890D}.Release|Any CPU.Build.0 = Release|Any CPU
		{10F62746-22A0-4686-89F9-B19548CB890D}.Release|x64.ActiveCfg = Release|Any CPU
		{10F62746-22A0-4686-89F9-B19548CB890D}.Release|x64.Build.0 = Release|Any CPU
		{10F62746-22A0-4686-89F9-B19548CB890D}.Release|x86.ActiveCfg = Release|Any CPU
		{10F62746-22A0-4686-89F9-B19548CB890D}.Release|x86.Build.0 = Release|Any CPU
	EndGlobalSection
	GlobalSection(SolutionProperties) = preSolution
		HideSolutionNode = FALSE
	EndGlobalSection
	GlobalSection(ExtensibilityGlobals) = postSolution
		SolutionGuid = {F27990B0-DA3C-496E-BEE7-89740E374259}
	EndGlobalSection
EndGlobal
